# This file is automatically @generated by Cargo.
# It is not intended for manual editing.
version = 4

[[package]]
name = "audiogubbins-analysis"
version = "0.1.0"
dependencies = [
 "audiogubbins-dsp-core",
]

[[package]]
name = "audiogubbins-dsp-core"
version = "0.1.0"

[[package]]
name = "audiogubbins-resampling"
version = "0.1.0"
dependencies = [
 "audiogubbins-dsp-core",
]

[[package]]
name = "audiogubbins-version"
version = "0.1.0"

[[package]]
name = "audiogubbins-wasm-bindings"
version = "0.1.0"
dependencies = [
 "audiogubbins-analysis",
 "audiogubbins-dsp-core",
 "audiogubbins-resampling",
]
